
Microsoft Visual Studio Solution File, Format Version 12.00
# Visual Studio Version 17
VisualStudioVersion = 17.7.34018.315
MinimumVisualStudioVersion = 10.0.40219.1
Project("{FAE04EC0-301F-11D3-BF4B-00C04F79EFBC}") = "ConsoleApp3", "ConsoleApp3\ConsoleApp3.csproj", "{7839674A-03A4-46E5-A0CB-B2FF0D8A4ED1}"
EndProject
Global
	GlobalSection(SolutionConfigurationPlatforms) = preSolution
		Debug|Any CPU = Debug|Any CPU
		Release|Any CPU = Release|Any CPU
	EndGlobalSection
	GlobalSection(ProjectConfigurationPlatforms) = postSolution
		{7839674A-03A4-46E5-A0CB-B2FF0D8A4ED1}.Debug|Any CPU.ActiveCfg = Debug|Any CPU
		{7839674A-03A4-46E5-A0CB-B2FF0D8A4ED1}.Debug|Any CPU.Build.0 = Debug|Any CPU
		{7839674A-03A4-46E5-A0CB-B2FF0D8A4ED1}.Release|Any CPU.ActiveCfg = Release|Any CPU
		{7839674A-03A4-46E5-A0CB-B2FF0D8A4ED1}.Release|Any CPU.Build.0 = Release|Any CPU
	EndGlobalSection
	GlobalSection(SolutionProperties) = preSolution
		HideSolutionNode = FALSE
	EndGlobalSection
	GlobalSection(ExtensibilityGlobals) = postSolution
		SolutionGuid = {3BBD635D-BED3-46D7-8B77-2E7B40F0FCBC}
	EndGlobalSection
EndGlobal
